
Microsoft Visual Studio Solution File, Format Version 12.00
# Visual Studio 2013
VisualStudioVersion = 12.0.21005.1
MinimumVisualStudioVersion = 10.0.40219.1
Project("{FAE04EC0-301F-11D3-BF4B-00C04F79EFBC}") = "NWarpAsync.Yield", "NWarpAsync.Yield\NWarpAsync.Yield.csproj", "{6FCC11EB-842E-4B9E-9097-C35C869B8C6C}"
EndProject
Project("{FAE04EC0-301F-11D3-BF4B-00C04F79EFBC}") = "NWarpAsync.Yield.Test", "NWarpAsync.Yield.Test\NWarpAsync.Yield.Test.csproj", "{D3EF9113-2190-4A3D-A1DE-2D98EA264FDA}"
EndProject
Project("{FAE04EC0-301F-11D3-BF4B-00C04F79EFBC}") = "NWarpAsync.EmulateAwait", "NWarpAsync.EmulateAwait\NWarpAsync.EmulateAwait.csproj", "{746F5960-53FB-464B-8526-9D90385195B0}"
EndProject
Project("{FAE04EC0-301F-11D3-BF4B-00C04F79EFBC}") = "NWarpAsync.EmulateAwait.Test", "NWarpAsync.EmulateAwait.Test\NWarpAsync.EmulateAwait.Test.csproj", "{A853EB3C-A4D0-4209-8EA6-7E8250EA48D6}"
EndProject
Global
	GlobalSection(SolutionConfigurationPlatforms) = preSolution
		Debug|Any CPU = Debug|Any CPU
		Release|Any CPU = Release|Any CPU
	EndGlobalSection
	GlobalSection(ProjectConfigurationPlatforms) = postSolution
		{6FCC11EB-842E-4B9E-9097-C35C869B8C6C}.Debug|Any CPU.ActiveCfg = Debug|Any CPU
		{6FCC11EB-842E-4B9E-9097-C35C869B8C6C}.Debug|Any CPU.Build.0 = Debug|Any CPU
		{6FCC11EB-842E-4B9E-9097-C35C869B8C6C}.Release|Any CPU.ActiveCfg = Release|Any CPU
		{6FCC11EB-842E-4B9E-9097-C35C869B8C6C}.Release|Any CPU.Build.0 = Release|Any CPU
		{D3EF9113-2190-4A3D-A1DE-2D98EA264FDA}.Debug|Any CPU.ActiveCfg = Debug|Any CPU
		{D3EF9113-2190-4A3D-A1DE-2D98EA264FDA}.Debug|Any CPU.Build.0 = Debug|Any CPU
		{D3EF9113-2190-4A3D-A1DE-2D98EA264FDA}.Release|Any CPU.ActiveCfg = Release|Any CPU
		{D3EF9113-2190-4A3D-A1DE-2D98EA264FDA}.Release|Any CPU.Build.0 = Release|Any CPU
		{746F5960-53FB-464B-8526-9D90385195B0}.Debug|Any CPU.ActiveCfg = Debug|Any CPU
		{746F5960-53FB-464B-8526-9D90385195B0}.Debug|Any CPU.Build.0 = Debug|Any CPU
		{746F5960-53FB-464B-8526-9D90385195B0}.Release|Any CPU.ActiveCfg = Release|Any CPU
		{746F5960-53FB-464B-8526-9D90385195B0}.Release|Any CPU.Build.0 = Release|Any CPU
		{A853EB3C-A4D0-4209-8EA6-7E8250EA48D6}.Debug|Any CPU.ActiveCfg = Debug|Any CPU
		{A853EB3C-A4D0-4209-8EA6-7E8250EA48D6}.Debug|Any CPU.Build.0 = Debug|Any CPU
		{A853EB3C-A4D0-4209-8EA6-7E8250EA48D6}.Release|Any CPU.ActiveCfg = Release|Any CPU
		{A853EB3C-A4D0-4209-8EA6-7E8250EA48D6}.Release|Any CPU.Build.0 = Release|Any CPU
	EndGlobalSection
	GlobalSection(SolutionProperties) = preSolution
		HideSolutionNode = FALSE
	EndGlobalSection
	GlobalSection(MonoDevelopProperties) = preSolution
		StartupItem = NWarpAsync.Yield\NWarpAsync.Yield.csproj
	EndGlobalSection
EndGlobal
